{
  "requires": true,
  "lockfileVersion": 1,
  "dependencies": {
    "sweetalert": {
      "version": "2.0.3",
      "resolved": "https://registry.npmjs.org/sweetalert/-/sweetalert-2.0.3.tgz",
      "integrity": "sha1-pgJ7dB/KTbbXouSidpyXHX7X+V4="
    },
    "zebra_dialog": {
      "version": "1.4.0",
      "resolved": "https://registry.npmjs.org/zebra_dialog/-/zebra_dialog-1.4.0.tgz",
      "integrity": "sha1-sjg8yBsnt+DjItEfsgaNgoQgxrM="
    }
  }
}
